
Microsoft Visual Studio Solution File, Format Version 12.00
# Visual Studio Version 16
VisualStudioVersion = 16.0.808.5
MinimumVisualStudioVersion = 10.0.40219.1
Project("{FAE04EC0-301F-11D3-BF4B-00C04F79EFBC}") = "DecisionMaking", "DecisionMaking\DecisionMaking.csproj", "{4E60279E-6572-488C-A1A7-4ABF0021CCDC}"
EndProject
Global
	GlobalSection(SolutionConfigurationPlatforms) = preSolution
		Debug|Any CPU = Debug|Any CPU
		Release|Any CPU = Release|Any CPU
	EndGlobalSection
	GlobalSection(ProjectConfigurationPlatforms) = postSolution
		{4E60279E-6572-488C-A1A7-4ABF0021CCDC}.Debug|Any CPU.ActiveCfg = Debug|Any CPU
		{4E60279E-6572-488C-A1A7-4ABF0021CCDC}.Debug|Any CPU.Build.0 = Debug|Any CPU
		{4E60279E-6572-488C-A1A7-4ABF0021CCDC}.Release|Any CPU.ActiveCfg = Release|Any CPU
		{4E60279E-6572-488C-A1A7-4ABF0021CCDC}.Release|Any CPU.Build.0 = Release|Any CPU
	EndGlobalSection
	GlobalSection(SolutionProperties) = preSolution
		HideSolutionNode = FALSE
	EndGlobalSection
	GlobalSection(ExtensibilityGlobals) = postSolution
		SolutionGuid = {FA0B0DF5-0A1B-4C9C-A6A7-EA4426D06916}
	EndGlobalSection
EndGlobal
